// !$*UTF8*$!
{
	archiveVersion = 1;
	classes = {
	};
	objectVersion = 55;
	objects = {

/* Begin PBXBuildFile section */
		6AB2EB61288C589C001D4339 /* AppDelegate.swift in Sources */ = {isa = PBXBuildFile; fileRef = 6AB2EB60288C589C001D4339 /* AppDelegate.swift */; };
		6AB2EB63288C589C001D4339 /* SceneDelegate.swift in Sources */ = {isa = PBXBuildFile; fileRef = 6AB2EB62288C589C001D4339 /* SceneDelegate.swift */; };
		6AB2EB65288C589C001D4339 /* MainViewController.swift in Sources */ = {isa = PBXBuildFile; fileRef = 6AB2EB64288C589C001D4339 /* MainViewController.swift */; };
		6AB2EB68288C589C001D4339 /* Main.storyboard in Resources */ = {isa = PBXBuildFile; fileRef = 6AB2EB66288C589C001D4339 /* Main.storyboard */; };
		6AB2EB6A288C589D001D4339 /* Assets.xcassets in Resources */ = {isa = PBXBuildFile; fileRef = 6AB2EB69288C589D001D4339 /* Assets.xcassets */; };
		6AB2EB6D288C589D001D4339 /* LaunchScreen.storyboard in Resources */ = {isa = PBXBuildFile; fileRef = 6AB2EB6B288C589D001D4339 /* LaunchScreen.storyboard */; };
		6AB2EB77288C6331001D4339 /* PersonalTableViewController.swift in Sources */ = {isa = PBXBuildFile; fileRef = 6AB2EB76288C6331001D4339 /* PersonalTableViewController.swift */; };
		6AB2EB79288C6372001D4339 /* EquipmentTableViewController.swift in Sources */ = {isa = PBXBuildFile; fileRef = 6AB2EB78288C6372001D4339 /* EquipmentTableViewController.swift */; };
		6AB2EB7B288C63EC001D4339 /* PersonalDetailViewController.swift in Sources */ = {isa = PBXBuildFile; fileRef = 6AB2EB7A288C63EC001D4339 /* PersonalDetailViewController.swift */; };
		6AB2EB7D288C6417001D4339 /* EquipmentDetailViewController.swift in Sources */ = {isa = PBXBuildFile; fileRef = 6AB2EB7C288C6417001D4339 /* EquipmentDetailViewController.swift */; };
		6AB2EB81288C64E9001D4339 /* russia_losses_equipment.json in Resources */ = {isa = PBXBuildFile; fileRef = 6AB2EB7F288C64E9001D4339 /* russia_losses_equipment.json */; };
		6AB2EB82288C64E9001D4339 /* russia_losses_personnel.json in Resources */ = {isa = PBXBuildFile; fileRef = 6AB2EB80288C64E9001D4339 /* russia_losses_personnel.json */; };
		6AB2EB85288C7881001D4339 /* PersonalCell.swift in Sources */ = {isa = PBXBuildFile; fileRef = 6AB2EB84288C7881001D4339 /* PersonalCell.swift */; };
		6AB2EB87288C789A001D4339 /* EquipmentCell.swift in Sources */ = {isa = PBXBuildFile; fileRef = 6AB2EB86288C789A001D4339 /* EquipmentCell.swift */; };
		6AB2EB8C288C8217001D4339 /* PersonalModel.swift in Sources */ = {isa = PBXBuildFile; fileRef = 6AB2EB8B288C8217001D4339 /* PersonalModel.swift */; };
		6AB2EB8E288C822A001D4339 /* EquipmentModel.swift in Sources */ = {isa = PBXBuildFile; fileRef = 6AB2EB8D288C822A001D4339 /* EquipmentModel.swift */; };
		6AB2EB91288C8F11001D4339 /* DecodingData.swift in Sources */ = {isa = PBXBuildFile; fileRef = 6AB2EB90288C8F11001D4339 /* DecodingData.swift */; };
/* End PBXBuildFile section */

/* Begin PBXFileReference section */
		6AB2EB5D288C589C001D4339 /* Enemy Losses.app */ = {isa = PBXFileReference; explicitFileType = wrapper.application; includeInIndex = 0; path = "Enemy Losses.app"; sourceTree = BUILT_PRODUCTS_DIR; };
		6AB2EB60288C589C001D4339 /* AppDelegate.swift */ = {isa = PBXFileReference; lastKnownFileType = sourcecode.swift; path = AppDelegate.swift; sourceTree = "<group>"; };
		6AB2EB62288C589C001D4339 /* SceneDelegate.swift */ = {isa = PBXFileReference; lastKnownFileType = sourcecode.swift; path = SceneDelegate.swift; sourceTree = "<group>"; };
		6AB2EB64288C589C001D4339 /* MainViewController.swift */ = {isa = PBXFileReference; lastKnownFileType = sourcecode.swift; path = MainViewController.swift; sourceTree = "<group>"; };
		6AB2EB67288C589C001D4339 /* Base */ = {isa = PBXFileReference; lastKnownFileType = file.storyboard; name = Base; path = Base.lproj/Main.storyboard; sourceTree = "<group>"; };
		6AB2EB69288C589D001D4339 /* Assets.xcassets */ = {isa = PBXFileReference; lastKnownFileType = folder.assetcatalog; path = Assets.xcassets; sourceTree = "<group>"; };
		6AB2EB6C288C589D001D4339 /* Base */ = {isa = PBXFileReference; lastKnownFileType = file.storyboard; name = Base; path = Base.lproj/LaunchScreen.storyboard; sourceTree = "<group>"; };
		6AB2EB6E288C589D001D4339 /* Info.plist */ = {isa = PBXFileReference; lastKnownFileType = text.plist.xml; path = Info.plist; sourceTree = "<group>"; };
		6AB2EB76288C6331001D4339 /* PersonalTableViewController.swift */ = {isa = PBXFileReference; lastKnownFileType = sourcecode.swift; path = PersonalTableViewController.swift; sourceTree = "<group>"; };
		6AB2EB78288C6372001D4339 /* EquipmentTableViewController.swift */ = {isa = PBXFileReference; lastKnownFileType = sourcecode.swift; path = EquipmentTableViewController.swift; sourceTree = "<group>"; };
		6AB2EB7A288C63EC001D4339 /* PersonalDetailViewController.swift */ = {isa = PBXFileReference; lastKnownFileType = sourcecode.swift; path = PersonalDetailViewController.swift; sourceTree = "<group>"; };
		6AB2EB7C288C6417001D4339 /* EquipmentDetailViewController.swift */ = {isa = PBXFileReference; lastKnownFileType = sourcecode.swift; path = EquipmentDetailViewController.swift; sourceTree = "<group>"; };
		6AB2EB7F288C64E9001D4339 /* russia_losses_equipment.json */ = {isa = PBXFileReference; fileEncoding = 4; lastKnownFileType = text.json; path = russia_losses_equipment.json; sourceTree = "<group>"; };
		6AB2EB80288C64E9001D4339 /* russia_losses_personnel.json */ = {isa = PBXFileReference; fileEncoding = 4; lastKnownFileType = text.json; path = russia_losses_personnel.json; sourceTree = "<group>"; };
		6AB2EB84288C7881001D4339 /* PersonalCell.swift */ = {isa = PBXFileReference; lastKnownFileType = sourcecode.swift; path = PersonalCell.swift; sourceTree = "<group>"; };
		6AB2EB86288C789A001D4339 /* EquipmentCell.swift */ = {isa = PBXFileReference; lastKnownFileType = sourcecode.swift; path = EquipmentCell.swift; sourceTree = "<group>"; };
		6AB2EB8B288C8217001D4339 /* PersonalModel.swift */ = {isa = PBXFileReference; lastKnownFileType = sourcecode.swift; path = PersonalModel.swift; sourceTree = "<group>"; };
		6AB2EB8D288C822A001D4339 /* EquipmentModel.swift */ = {isa = PBXFileReference; lastKnownFileType = sourcecode.swift; path = EquipmentModel.swift; sourceTree = "<group>"; };
		6AB2EB90288C8F11001D4339 /* DecodingData.swift */ = {isa = PBXFileReference; lastKnownFileType = sourcecode.swift; path = DecodingData.swift; sourceTree = "<group>"; };
/* End PBXFileReference section */

/* Begin PBXFrameworksBuildPhase section */
		6AB2EB5A288C589C001D4339 /* Frameworks */ = {
			isa = PBXFrameworksBuildPhase;
			buildActionMask = 2147483647;
			files = (
			);
			runOnlyForDeploymentPostprocessing = 0;
		};
/* End PBXFrameworksBuildPhase section */

/* Begin PBXGroup section */
		6AB2EB54288C589C001D4339 = {
			isa = PBXGroup;
			children = (
				6AB2EB5F288C589C001D4339 /* Enemy Losses */,
				6AB2EB66288C589C001D4339 /* Main.storyboard */,
				6AB2EB5E288C589C001D4339 /* Products */,
			);
			sourceTree = "<group>";
		};
		6AB2EB5E288C589C001D4339 /* Products */ = {
			isa = PBXGroup;
			children = (
				6AB2EB5D288C589C001D4339 /* Enemy Losses.app */,
			);
			name = Products;
			sourceTree = "<group>";
		};
		6AB2EB5F288C589C001D4339 /* Enemy Losses */ = {
			isa = PBXGroup;
			children = (
				6AB2EB8F288C8E6A001D4339 /* Networking */,
				6AB2EB88288C7DE2001D4339 /* Models */,
				6AB2EB7E288C6454001D4339 /* FileJson */,
				6AB2EB74288C5917001D4339 /* SupportFile */,
				6AB2EB75288C629E001D4339 /* ViewControllers */,
				6AB2EB83288C780D001D4339 /* Cells */,
			);
			path = "Enemy Losses";
			sourceTree = "<group>";
		};
		6AB2EB74288C5917001D4339 /* SupportFile */ = {
			isa = PBXGroup;
			children = (
				6AB2EB60288C589C001D4339 /* AppDelegate.swift */,
				6AB2EB62288C589C001D4339 /* SceneDelegate.swift */,
				6AB2EB69288C589D001D4339 /* Assets.xcassets */,
				6AB2EB6B288C589D001D4339 /* LaunchScreen.storyboard */,
				6AB2EB6E288C589D001D4339 /* Info.plist */,
			);
			path = SupportFile;
			sourceTree = "<group>";
		};
		6AB2EB75288C629E001D4339 /* ViewControllers */ = {
			isa = PBXGroup;
			children = (
				6AB2EB64288C589C001D4339 /* MainViewController.swift */,
				6AB2EB76288C6331001D4339 /* PersonalTableViewController.swift */,
				6AB2EB78288C6372001D4339 /* EquipmentTableViewController.swift */,
				6AB2EB7A288C63EC001D4339 /* PersonalDetailViewController.swift */,
				6AB2EB7C288C6417001D4339 /* EquipmentDetailViewController.swift */,
			);
			path = ViewControllers;
			sourceTree = "<group>";
		};
		6AB2EB7E288C6454001D4339 /* FileJson */ = {
			isa = PBXGroup;
			children = (
				6AB2EB7F288C64E9001D4339 /* russia_losses_equipment.json */,
				6AB2EB80288C64E9001D4339 /* russia_losses_personnel.json */,
			);
			path = FileJson;
			sourceTree = "<group>";
		};
		6AB2EB83288C780D001D4339 /* Cells */ = {
			isa = PBXGroup;
			children = (
				6AB2EB84288C7881001D4339 /* PersonalCell.swift */,
				6AB2EB86288C789A001D4339 /* EquipmentCell.swift */,
			);
			path = Cells;
			sourceTree = "<group>";
		};
		6AB2EB88288C7DE2001D4339 /* Models */ = {
			isa = PBXGroup;
			children = (
				6AB2EB8B288C8217001D4339 /* PersonalModel.swift */,
				6AB2EB8D288C822A001D4339 /* EquipmentModel.swift */,
			);
			path = Models;
			sourceTree = "<group>";
		};
		6AB2EB8F288C8E6A001D4339 /* Networking */ = {
			isa = PBXGroup;
			children = (
				6AB2EB90288C8F11001D4339 /* DecodingData.swift */,
			);
			path = Networking;
			sourceTree = "<group>";
		};
/* End PBXGroup section */

/* Begin PBXNativeTarget section */
		6AB2EB5C288C589C001D4339 /* Enemy Losses */ = {
			isa = PBXNativeTarget;
			buildConfigurationList = 6AB2EB71288C589D001D4339 /* Build configuration list for PBXNativeTarget "Enemy Losses" */;
			buildPhases = (
				6AB2EB59288C589C001D4339 /* Sources */,
				6AB2EB5A288C589C001D4339 /* Frameworks */,
				6AB2EB5B288C589C001D4339 /* Resources */,
			);
			buildRules = (
			);
			dependencies = (
			);
			name = "Enemy Losses";
			productName = "Enemy Losses";
			productReference = 6AB2EB5D288C589C001D4339 /* Enemy Losses.app */;
			productType = "com.apple.product-type.application";
		};
/* End PBXNativeTarget section */

/* Begin PBXProject section */
		6AB2EB55288C589C001D4339 /* Project object */ = {
			isa = PBXProject;
			attributes = {
				BuildIndependentTargetsInParallel = 1;
				LastSwiftUpdateCheck = 1300;
				LastUpgradeCheck = 1300;
				TargetAttributes = {
					6AB2EB5C288C589C001D4339 = {
						CreatedOnToolsVersion = 13.0;
					};
				};
			};
			buildConfigurationList = 6AB2EB58288C589C001D4339 /* Build configuration list for PBXProject "Enemy Losses" */;
			compatibilityVersion = "Xcode 13.0";
			developmentRegion = en;
			hasScannedForEncodings = 0;
			knownRegions = (
				en,
				Base,
			);
			mainGroup = 6AB2EB54288C589C001D4339;
			productRefGroup = 6AB2EB5E288C589C001D4339 /* Products */;
			projectDirPath = "";
			projectRoot = "";
			targets = (
				6AB2EB5C288C589C001D4339 /* Enemy Losses */,
			);
		};
/* End PBXProject section */

/* Begin PBXResourcesBuildPhase section */
		6AB2EB5B288C589C001D4339 /* Resources */ = {
			isa = PBXResourcesBuildPhase;
			buildActionMask = 2147483647;
			files = (
				6AB2EB6D288C589D001D4339 /* LaunchScreen.storyboard in Resources */,
				6AB2EB6A288C589D001D4339 /* Assets.xcassets in Resources */,
				6AB2EB81288C64E9001D4339 /* russia_losses_equipment.json in Resources */,
				6AB2EB82288C64E9001D4339 /* russia_losses_personnel.json in Resources */,
				6AB2EB68288C589C001D4339 /* Main.storyboard in Resources */,
			);
			runOnlyForDeploymentPostprocessing = 0;
		};
/* End PBXResourcesBuildPhase section */

/* Begin PBXSourcesBuildPhase section */
		6AB2EB59288C589C001D4339 /* Sources */ = {
			isa = PBXSourcesBuildPhase;
			buildActionMask = 2147483647;
			files = (
				6AB2EB91288C8F11001D4339 /* DecodingData.swift in Sources */,
				6AB2EB65288C589C001D4339 /* MainViewController.swift in Sources */,
				6AB2EB85288C7881001D4339 /* PersonalCell.swift in Sources */,
				6AB2EB77288C6331001D4339 /* PersonalTableViewController.swift in Sources */,
				6AB2EB8E288C822A001D4339 /* EquipmentModel.swift in Sources */,
				6AB2EB61288C589C001D4339 /* AppDelegate.swift in Sources */,
				6AB2EB7D288C6417001D4339 /* EquipmentDetailViewController.swift in Sources */,
				6AB2EB63288C589C001D4339 /* SceneDelegate.swift in Sources */,
				6AB2EB87288C789A001D4339 /* EquipmentCell.swift in Sources */,
				6AB2EB79288C6372001D4339 /* EquipmentTableViewController.swift in Sources */,
				6AB2EB7B288C63EC001D4339 /* PersonalDetailViewController.swift in Sources */,
				6AB2EB8C288C8217001D4339 /* PersonalModel.swift in Sources */,
			);
			runOnlyForDeploymentPostprocessing = 0;
		};
/* End PBXSourcesBuildPhase section */

/* Begin PBXVariantGroup section */
		6AB2EB66288C589C001D4339 /* Main.storyboard */ = {
			isa = PBXVariantGroup;
			children = (
				6AB2EB67288C589C001D4339 /* Base */,
			);
			name = Main.storyboard;
			sourceTree = "<group>";
		};
		6AB2EB6B288C589D001D4339 /* LaunchScreen.storyboard */ = {
			isa = PBXVariantGroup;
			children = (
				6AB2EB6C288C589D001D4339 /* Base */,
			);
			name = LaunchScreen.storyboard;
			sourceTree = "<group>";
		};
/* End PBXVariantGroup section */

/* Begin XCBuildConfiguration section */
		6AB2EB6F288C589D001D4339 /* Debug */ = {
			isa = XCBuildConfiguration;
			buildSettings = {
				ALWAYS_SEARCH_USER_PATHS = NO;
				CLANG_ANALYZER_NONNULL = YES;
				CLANG_ANALYZER_NUMBER_OBJECT_CONVERSION = YES_AGGRESSIVE;
				CLANG_CXX_LANGUAGE_STANDARD = "gnu++17";
				CLANG_CXX_LIBRARY = "libc++";
				CLANG_ENABLE_MODULES = YES;
				CLANG_ENABLE_OBJC_ARC = YES;
				CLANG_ENABLE_OBJC_WEAK = YES;
				CLANG_WARN_BLOCK_CAPTURE_AUTORELEASING = YES;
				CLANG_WARN_BOOL_CONVERSION = YES;
				CLANG_WARN_COMMA = YES;
				CLANG_WARN_CONSTANT_CONVERSION = YES;
				CLANG_WARN_DEPRECATED_OBJC_IMPLEMENTATIONS = YES;
				CLANG_WARN_DIRECT_OBJC_ISA_USAGE = YES_ERROR;
				CLANG_WARN_DOCUMENTATION_COMMENTS = YES;
				CLANG_WARN_EMPTY_BODY = YES;
				CLANG_WARN_ENUM_CONVERSION = YES;
				CLANG_WARN_INFINITE_RECURSION = YES;
				CLANG_WARN_INT_CONVERSION = YES;
				CLANG_WARN_NON_LITERAL_NULL_CONVERSION = YES;
				CLANG_WARN_OBJC_IMPLICIT_RETAIN_SELF = YES;
				CLANG_WARN_OBJC_LITERAL_CONVERSION = YES;
				CLANG_WARN_OBJC_ROOT_CLASS = YES_ERROR;
				CLANG_WARN_QUOTED_INCLUDE_IN_FRAMEWORK_HEADER = YES;
				CLANG_WARN_RANGE_LOOP_ANALYSIS = YES;
				CLANG_WARN_STRICT_PROTOTYPES = YES;
				CLANG_WARN_SUSPICIOUS_MOVE = YES;
				CLANG_WARN_UNGUARDED_AVAILABILITY = YES_AGGRESSIVE;
				CLANG_WARN_UNREACHABLE_CODE = YES;
				CLANG_WARN__DUPLICATE_METHOD_MATCH = YES;
				COPY_PHASE_STRIP = NO;
				DEBUG_INFORMATION_FORMAT = dwarf;
				ENABLE_STRICT_OBJC_MSGSEND = YES;
				ENABLE_TESTABILITY = YES;
				GCC_C_LANGUAGE_STANDARD = gnu11;
				GCC_DYNAMIC_NO_PIC = NO;
				GCC_NO_COMMON_BLOCKS = YES;
				GCC_OPTIMIZATION_LEVEL = 0;
				GCC_PREPROCESSOR_DEFINITIONS = (
					"DEBUG=1",
					"$(inherited)",
				);
				GCC_WARN_64_TO_32_BIT_CONVERSION = YES;
				GCC_WARN_ABOUT_RETURN_TYPE = YES_ERROR;
				GCC_WARN_UNDECLARED_SELECTOR = YES;
				GCC_WARN_UNINITIALIZED_AUTOS = YES_AGGRESSIVE;
				GCC_WARN_UNUSED_FUNCTION = YES;
				GCC_WARN_UNUSED_VARIABLE = YES;
				IPHONEOS_DEPLOYMENT_TARGET = 15.0;
				MTL_ENABLE_DEBUG_INFO = INCLUDE_SOURCE;
				MTL_FAST_MATH = YES;
				ONLY_ACTIVE_ARCH = YES;
				SDKROOT = iphoneos;
				SWIFT_ACTIVE_COMPILATION_CONDITIONS = DEBUG;
				SWIFT_OPTIMIZATION_LEVEL = "-Onone";
			};
			name = Debug;
		};
		6AB2EB70288C589D001D4339 /* Release */ = {
			isa = XCBuildConfiguration;
			buildSettings = {
				ALWAYS_SEARCH_USER_PATHS = NO;
				CLANG_ANALYZER_NONNULL = YES;
				CLANG_ANALYZER_NUMBER_OBJECT_CONVERSION = YES_AGGRESSIVE;
				CLANG_CXX_LANGUAGE_STANDARD = "gnu++17";
				CLANG_CXX_LIBRARY = "libc++";
				CLANG_ENABLE_MODULES = YES;
				CLANG_ENABLE_OBJC_ARC = YES;
				CLANG_ENABLE_OBJC_WEAK = YES;
				CLANG_WARN_BLOCK_CAPTURE_AUTORELEASING = YES;
				CLANG_WARN_BOOL_CONVERSION = YES;
				CLANG_WARN_COMMA = YES;
				CLANG_WARN_CONSTANT_CONVERSION = YES;
				CLANG_WARN_DEPRECATED_OBJC_IMPLEMENTATIONS = YES;
				CLANG_WARN_DIRECT_OBJC_ISA_USAGE = YES_ERROR;
				CLANG_WARN_DOCUMENTATION_COMMENTS = YES;
				CLANG_WARN_EMPTY_BODY = YES;
				CLANG_WARN_ENUM_CONVERSION = YES;
				CLANG_WARN_INFINITE_RECURSION = YES;
				CLANG_WARN_INT_CONVERSION = YES;
				CLANG_WARN_NON_LITERAL_NULL_CONVERSION = YES;
				CLANG_WARN_OBJC_IMPLICIT_RETAIN_SELF = YES;
				CLANG_WARN_OBJC_LITERAL_CONVERSION = YES;
				CLANG_WARN_OBJC_ROOT_CLASS = YES_ERROR;
				CLANG_WARN_QUOTED_INCLUDE_IN_FRAMEWORK_HEADER = YES;
				CLANG_WARN_RANGE_LOOP_ANALYSIS = YES;
				CLANG_WARN_STRICT_PROTOTYPES = YES;
				CLANG_WARN_SUSPICIOUS_MOVE = YES;
				CLANG_WARN_UNGUARDED_AVAILABILITY = YES_AGGRESSIVE;
				CLANG_WARN_UNREACHABLE_CODE = YES;
				CLANG_WARN__DUPLICATE_METHOD_MATCH = YES;
				COPY_PHASE_STRIP = NO;
				DEBUG_INFORMATION_FORMAT = "dwarf-with-dsym";
				ENABLE_NS_ASSERTIONS = NO;
				ENABLE_STRICT_OBJC_MSGSEND = YES;
				GCC_C_LANGUAGE_STANDARD = gnu11;
				GCC_NO_COMMON_BLOCKS = YES;
				GCC_WARN_64_TO_32_BIT_CONVERSION = YES;
				GCC_WARN_ABOUT_RETURN_TYPE = YES_ERROR;
				GCC_WARN_UNDECLARED_SELECTOR = YES;
				GCC_WARN_UNINITIALIZED_AUTOS = YES_AGGRESSIVE;
				GCC_WARN_UNUSED_FUNCTION = YES;
				GCC_WARN_UNUSED_VARIABLE = YES;
				IPHONEOS_DEPLOYMENT_TARGET = 15.0;
				MTL_ENABLE_DEBUG_INFO = NO;
				MTL_FAST_MATH = YES;
				SDKROOT = iphoneos;
				SWIFT_COMPILATION_MODE = wholemodule;
				SWIFT_OPTIMIZATION_LEVEL = "-O";
				VALIDATE_PRODUCT = YES;
			};
			name = Release;
		};
		6AB2EB72288C589D001D4339 /* Debug */ = {
			isa = XCBuildConfiguration;
			buildSettings = {
				ASSETCATALOG_COMPILER_APPICON_NAME = AppIcon;
				ASSETCATALOG_COMPILER_GLOBAL_ACCENT_COLOR_NAME = AccentColor;
				CODE_SIGN_STYLE = Automatic;
				CURRENT_PROJECT_VERSION = 1;
				DEVELOPMENT_TEAM = XVY4K8VZN6;
				GENERATE_INFOPLIST_FILE = YES;
				INFOPLIST_FILE = "Enemy Losses/SupportFile/Info.plist";
				INFOPLIST_KEY_UIApplicationSupportsIndirectInputEvents = YES;
				INFOPLIST_KEY_UILaunchStoryboardName = LaunchScreen;
				INFOPLIST_KEY_UIMainStoryboardFile = Main;
				INFOPLIST_KEY_UISupportedInterfaceOrientations = UIInterfaceOrientationPortrait;
				INFOPLIST_KEY_UISupportedInterfaceOrientations_iPad = "UIInterfaceOrientationPortrait UIInterfaceOrientationPortraitUpsideDown UIInterfaceOrientationLandscapeLeft UIInterfaceOrientationLandscapeRight";
				INFOPLIST_KEY_UISupportedInterfaceOrientations_iPhone = "UIInterfaceOrientationPortrait UIInterfaceOrientationLandscapeLeft UIInterfaceOrientationLandscapeRight";
				LD_RUNPATH_SEARCH_PATHS = (
					"$(inherited)",
					"@executable_path/Frameworks",
				);
				MARKETING_VERSION = 1.0;
				PRODUCT_BUNDLE_IDENTIFIER = "YurikNosachenko.Enemy-Losses";
				PRODUCT_NAME = "$(TARGET_NAME)";
				SWIFT_EMIT_LOC_STRINGS = YES;
				SWIFT_VERSION = 5.0;
				TARGETED_DEVICE_FAMILY = "1,2";
			};
			name = Debug;
		};
		6AB2EB73288C589D001D4339 /* Release */ = {
			isa = XCBuildConfiguration;
			buildSettings = {
				ASSETCATALOG_COMPILER_APPICON_NAME = AppIcon;
				ASSETCATALOG_COMPILER_GLOBAL_ACCENT_COLOR_NAME = AccentColor;
				CODE_SIGN_STYLE = Automatic;
				CURRENT_PROJECT_VERSION = 1;
				DEVELOPMENT_TEAM = XVY4K8VZN6;
				GENERATE_INFOPLIST_FILE = YES;
				INFOPLIST_FILE = "Enemy Losses/SupportFile/Info.plist";
				INFOPLIST_KEY_UIApplicationSupportsIndirectInputEvents = YES;
				INFOPLIST_KEY_UILaunchStoryboardName = LaunchScreen;
				INFOPLIST_KEY_UIMainStoryboardFile = Main;
				INFOPLIST_KEY_UISupportedInterfaceOrientations = UIInterfaceOrientationPortrait;
				INFOPLIST_KEY_UISupportedInterfaceOrientations_iPad = "UIInterfaceOrientationPortrait UIInterfaceOrientationPortraitUpsideDown UIInterfaceOrientationLandscapeLeft UIInterfaceOrientationLandscapeRight";
				INFOPLIST_KEY_UISupportedInterfaceOrientations_iPhone = "UIInterfaceOrientationPortrait UIInterfaceOrientationLandscapeLeft UIInterfaceOrientationLandscapeRight";
				LD_RUNPATH_SEARCH_PATHS = (
					"$(inherited)",
					"@executable_path/Frameworks",
				);
				MARKETING_VERSION = 1.0;
				PRODUCT_BUNDLE_IDENTIFIER = "YurikNosachenko.Enemy-Losses";
				PRODUCT_NAME = "$(TARGET_NAME)";
				SWIFT_EMIT_LOC_STRINGS = YES;
				SWIFT_VERSION = 5.0;
				TARGETED_DEVICE_FAMILY = "1,2";
			};
			name = Release;
		};
/* End XCBuildConfiguration section */

/* Begin XCConfigurationList section */
		6AB2EB58288C589C001D4339 /* Build configuration list for PBXProject "Enemy Losses" */ = {
			isa = XCConfigurationList;
			buildConfigurations = (
				6AB2EB6F288C589D001D4339 /* Debug */,
				6AB2EB70288C589D001D4339 /* Release */,
			);
			defaultConfigurationIsVisible = 0;
			defaultConfigurationName = Release;
		};
		6AB2EB71288C589D001D4339 /* Build configuration list for PBXNativeTarget "Enemy Losses" */ = {
			isa = XCConfigurationList;
			buildConfigurations = (
				6AB2EB72288C589D001D4339 /* Debug */,
				6AB2EB73288C589D001D4339 /* Release */,
			);
			defaultConfigurationIsVisible = 0;
			defaultConfigurationName = Release;
		};
/* End XCConfigurationList section */
	};
	rootObject = 6AB2EB55288C589C001D4339 /* Project object */;
}
